
Microsoft Visual Studio Solution File, Format Version 12.00
# Visual Studio Version 16
VisualStudioVersion = 16.0.29123.88
MinimumVisualStudioVersion = 10.0.40219.1
Project("{FAE04EC0-301F-11D3-BF4B-00C04F79EFBC}") = "testOutlookAddIn", "testOutlookAddIn\testOutlookAddIn.csproj", "{892E350F-21E8-4DFC-90BF-0CEC792E8DCC}"
EndProject
Global
	GlobalSection(SolutionConfigurationPlatforms) = preSolution
		Debug|Any CPU = Debug|Any CPU
		Release|Any CPU = Release|Any CPU
	EndGlobalSection
	GlobalSection(ProjectConfigurationPlatforms) = postSolution
		{892E350F-21E8-4DFC-90BF-0CEC792E8DCC}.Debug|Any CPU.ActiveCfg = Debug|Any CPU
		{892E350F-21E8-4DFC-90BF-0CEC792E8DCC}.Debug|Any CPU.Build.0 = Debug|Any CPU
		{892E350F-21E8-4DFC-90BF-0CEC792E8DCC}.Release|Any CPU.ActiveCfg = Release|Any CPU
		{892E350F-21E8-4DFC-90BF-0CEC792E8DCC}.Release|Any CPU.Build.0 = Release|Any CPU
	EndGlobalSection
	GlobalSection(SolutionProperties) = preSolution
		HideSolutionNode = FALSE
	EndGlobalSection
	GlobalSection(ExtensibilityGlobals) = postSolution
		SolutionGuid = {18BD6E4F-395E-4350-A801-158A7A61C961}
	EndGlobalSection
EndGlobal
